
Microsoft Visual Studio Solution File, Format Version 12.00
# Visual Studio Version 17
VisualStudioVersion = 17.4.33122.133
MinimumVisualStudioVersion = 10.0.40219.1
Project("{9A19103F-16F7-4668-BE54-9A1E7A4F7556}") = "NetPress", "NetPress\NetPress.csproj", "{2412F1E6-6A88-4A8F-A243-B00F4BEFE76E}"
EndProject
Project("{9A19103F-16F7-4668-BE54-9A1E7A4F7556}") = "NetPress.Domain", "NetPress.Domain\NetPress.Domain.csproj", "{9CB13E69-6844-42A0-A2FE-5BAB4E7D77D1}"
EndProject
Project("{9A19103F-16F7-4668-BE54-9A1E7A4F7556}") = "NetPress.Application", "NetPress.Application\NetPress.Application.csproj", "{710AB899-70CD-484F-8AFB-2289603EF50D}"
EndProject
Project("{9A19103F-16F7-4668-BE54-9A1E7A4F7556}") = "NetPress.Infrastructure", "NetPress.Infrastructure\NetPress.Infrastructure.csproj", "{FD3109C4-4014-48BD-9CE9-EF7C67BC89DD}"
EndProject
Project("{2150E333-8FDC-42A3-9474-1A3956D46DE8}") = "src", "src", "{C5D5F36C-8088-459C-A740-22B1267F1C5E}"
EndProject
Project("{2150E333-8FDC-42A3-9474-1A3956D46DE8}") = "test", "test", "{2D4D6122-BBEF-4CAB-8C5F-BB339763EC09}"
EndProject
Project("{2150E333-8FDC-42A3-9474-1A3956D46DE8}") = "UI", "UI", "{32B6FE95-3F00-4AF7-9543-4F6B292FF250}"
EndProject
Project("{2150E333-8FDC-42A3-9474-1A3956D46DE8}") = "API", "API", "{F3629817-A5AE-4E01-A7D8-5F9EBC208422}"
EndProject
Project("{2150E333-8FDC-42A3-9474-1A3956D46DE8}") = "Core", "Core", "{1D7D6DDF-0CA7-4E4C-B77E-F2A9F24BDF5A}"
EndProject
Project("{2150E333-8FDC-42A3-9474-1A3956D46DE8}") = "Infrastructure", "Infrastructure", "{865C455A-B294-41CE-9DF4-544C068A1FEC}"
EndProject
Global
	GlobalSection(SolutionConfigurationPlatforms) = preSolution
		Debug|Any CPU = Debug|Any CPU
		Release|Any CPU = Release|Any CPU
	EndGlobalSection
	GlobalSection(ProjectConfigurationPlatforms) = postSolution
		{2412F1E6-6A88-4A8F-A243-B00F4BEFE76E}.Debug|Any CPU.ActiveCfg = Debug|Any CPU
		{2412F1E6-6A88-4A8F-A243-B00F4BEFE76E}.Debug|Any CPU.Build.0 = Debug|Any CPU
		{2412F1E6-6A88-4A8F-A243-B00F4BEFE76E}.Release|Any CPU.ActiveCfg = Release|Any CPU
		{2412F1E6-6A88-4A8F-A243-B00F4BEFE76E}.Release|Any CPU.Build.0 = Release|Any CPU
		{9CB13E69-6844-42A0-A2FE-5BAB4E7D77D1}.Debug|Any CPU.ActiveCfg = Debug|Any CPU
		{9CB13E69-6844-42A0-A2FE-5BAB4E7D77D1}.Debug|Any CPU.Build.0 = Debug|Any CPU
		{9CB13E69-6844-42A0-A2FE-5BAB4E7D77D1}.Release|Any CPU.ActiveCfg = Release|Any CPU
		{9CB13E69-6844-42A0-A2FE-5BAB4E7D77D1}.Release|Any CPU.Build.0 = Release|Any CPU
		{710AB899-70CD-484F-8AFB-2289603EF50D}.Debug|Any CPU.ActiveCfg = Debug|Any CPU
		{710AB899-70CD-484F-8AFB-2289603EF50D}.Debug|Any CPU.Build.0 = Debug|Any CPU
		{710AB899-70CD-484F-8AFB-2289603EF50D}.Release|Any CPU.ActiveCfg = Release|Any CPU
		{710AB899-70CD-484F-8AFB-2289603EF50D}.Release|Any CPU.Build.0 = Release|Any CPU
		{FD3109C4-4014-48BD-9CE9-EF7C67BC89DD}.Debug|Any CPU.ActiveCfg = Debug|Any CPU
		{FD3109C4-4014-48BD-9CE9-EF7C67BC89DD}.Debug|Any CPU.Build.0 = Debug|Any CPU
		{FD3109C4-4014-48BD-9CE9-EF7C67BC89DD}.Release|Any CPU.ActiveCfg = Release|Any CPU
		{FD3109C4-4014-48BD-9CE9-EF7C67BC89DD}.Release|Any CPU.Build.0 = Release|Any CPU
	EndGlobalSection
	GlobalSection(SolutionProperties) = preSolution
		HideSolutionNode = FALSE
	EndGlobalSection
	GlobalSection(NestedProjects) = preSolution
		{2412F1E6-6A88-4A8F-A243-B00F4BEFE76E} = {32B6FE95-3F00-4AF7-9543-4F6B292FF250}
		{9CB13E69-6844-42A0-A2FE-5BAB4E7D77D1} = {1D7D6DDF-0CA7-4E4C-B77E-F2A9F24BDF5A}
		{710AB899-70CD-484F-8AFB-2289603EF50D} = {1D7D6DDF-0CA7-4E4C-B77E-F2A9F24BDF5A}
		{FD3109C4-4014-48BD-9CE9-EF7C67BC89DD} = {865C455A-B294-41CE-9DF4-544C068A1FEC}
		{32B6FE95-3F00-4AF7-9543-4F6B292FF250} = {C5D5F36C-8088-459C-A740-22B1267F1C5E}
		{F3629817-A5AE-4E01-A7D8-5F9EBC208422} = {C5D5F36C-8088-459C-A740-22B1267F1C5E}
		{1D7D6DDF-0CA7-4E4C-B77E-F2A9F24BDF5A} = {C5D5F36C-8088-459C-A740-22B1267F1C5E}
		{865C455A-B294-41CE-9DF4-544C068A1FEC} = {C5D5F36C-8088-459C-A740-22B1267F1C5E}
	EndGlobalSection
	GlobalSection(ExtensibilityGlobals) = postSolution
		SolutionGuid = {F61D5248-0D36-4517-BC81-B65A69C561EF}
	EndGlobalSection
EndGlobal
